# THIS IS AN AUTOGENERATED FILE. DO NOT EDIT THIS FILE DIRECTLY.
# yarn lockfile v1


lodash@4.17.20:
  version "4.17.20"
  resolved "https://registry.yarnpkg.com/lodash/-/lodash-4.17.20.tgz#b44a9b6297bcb698f1c51a3545a2b3b368d59c52"
  integrity sha512-PlhdFcillOINfeV7Ni6oF1TAEayyZBoZ8bcshTHqOYJYlrqzRK5hagpagky5o4HfCzzd1TRkXPMFq6cKk9rGmA==

parsimmon@1.16.0:
  version "1.16.0"
  resolved "https://registry.yarnpkg.com/parsimmon/-/parsimmon-1.16.0.tgz#2834e3db645b6a855ab2ea14fbaad10d82867e0f"
  integrity sha512-tekGDz2Lny27SQ/5DzJdIK0lqsWwZ667SCLFIDCxaZM7VNgQjyKLbaL7FYPKpbjdxNAXFV/mSxkq5D2fnkW4pA==

prettier@2.1.1:
  version "2.1.1"
  resolved "https://registry.yarnpkg.com/prettier/-/prettier-2.1.1.tgz#d9485dd5e499daa6cb547023b87a6cf51bee37d6"
  integrity sha512-9bY+5ZWCfqj3ghYBLxApy2zf6m+NJo5GzmLTpr9FsApsfjriNnS2dahWReHMi7qNPhhHl9SYHJs2cHZLgexNIw==
